
Microsoft Visual Studio Solution File, Format Version 12.00
# Visual Studio Version 16
VisualStudioVersion = 16.0.30114.105
MinimumVisualStudioVersion = 10.0.40219.1
Project("{FAE04EC0-301F-11D3-BF4B-00C04F79EFBC}") = "Humanizer.Extensions", "Humanizer.Extensions\Humanizer.Extensions.csproj", "{4B2C588B-6E0F-4B5F-908A-D89B075B872C}"
EndProject
Project("{FAE04EC0-301F-11D3-BF4B-00C04F79EFBC}") = "Humanizer.Extensions.Tests", "Humanizer.Extensions.Tests\Humanizer.Extensions.Tests.csproj", "{B8D7A95E-DD46-4A3B-B0BD-9FF1D71B6C82}"
EndProject
Global
	GlobalSection(SolutionConfigurationPlatforms) = preSolution
		Debug|Any CPU = Debug|Any CPU
		Release|Any CPU = Release|Any CPU
	EndGlobalSection
	GlobalSection(SolutionProperties) = preSolution
		HideSolutionNode = FALSE
	EndGlobalSection
	GlobalSection(ProjectConfigurationPlatforms) = postSolution
		{4B2C588B-6E0F-4B5F-908A-D89B075B872C}.Debug|Any CPU.ActiveCfg = Debug|Any CPU
		{4B2C588B-6E0F-4B5F-908A-D89B075B872C}.Debug|Any CPU.Build.0 = Debug|Any CPU
		{4B2C588B-6E0F-4B5F-908A-D89B075B872C}.Release|Any CPU.ActiveCfg = Release|Any CPU
		{4B2C588B-6E0F-4B5F-908A-D89B075B872C}.Release|Any CPU.Build.0 = Release|Any CPU
		{B8D7A95E-DD46-4A3B-B0BD-9FF1D71B6C82}.Debug|Any CPU.ActiveCfg = Debug|Any CPU
		{B8D7A95E-DD46-4A3B-B0BD-9FF1D71B6C82}.Debug|Any CPU.Build.0 = Debug|Any CPU
		{B8D7A95E-DD46-4A3B-B0BD-9FF1D71B6C82}.Release|Any CPU.ActiveCfg = Release|Any CPU
		{B8D7A95E-DD46-4A3B-B0BD-9FF1D71B6C82}.Release|Any CPU.Build.0 = Release|Any CPU
	EndGlobalSection
EndGlobal
